// !$*UTF8*$!
{
	archiveVersion = 1;
	classes = {
	};
	objectVersion = 56;
	objects = {

/* Begin PBXBuildFile section */
		F559B1B92D04A58A00620356 /* CareWatch Watch App.app in Embed Watch Content */ = {isa = PBXBuildFile; fileRef = F559B1B82D04A58A00620356 /* CareWatch Watch App.app */; settings = {ATTRIBUTES = (RemoveHeadersOnCopy, ); }; };
		F559B1BE2D04A58A00620356 /* CareWatchApp.swift in Sources */ = {isa = PBXBuildFile; fileRef = F559B1BD2D04A58A00620356 /* CareWatchApp.swift */; };
		F559B1C22D04A58B00620356 /* Assets.xcassets in Resources */ = {isa = PBXBuildFile; fileRef = F559B1C12D04A58B00620356 /* Assets.xcassets */; };
		F559B1C52D04A58B00620356 /* Preview Assets.xcassets in Resources */ = {isa = PBXBuildFile; fileRef = F559B1C42D04A58B00620356 /* Preview Assets.xcassets */; };
		F559B1D32D04A86000620356 /* Visit.swift in Sources */ = {isa = PBXBuildFile; fileRef = F559B1D22D04A86000620356 /* Visit.swift */; };
		F559B1D52D04A87B00620356 /* Task.swift in Sources */ = {isa = PBXBuildFile; fileRef = F559B1D42D04A87B00620356 /* Task.swift */; };
		F559B1D72D04A88700620356 /* Schedule.swift in Sources */ = {isa = PBXBuildFile; fileRef = F559B1D62D04A88700620356 /* Schedule.swift */; };
		F559B1D92D04A8A200620356 /* VisitViewModel.swift in Sources */ = {isa = PBXBuildFile; fileRef = F559B1D82D04A8A200620356 /* VisitViewModel.swift */; };
		F559B1DB2D04A8C200620356 /* ScheduleView.swift in Sources */ = {isa = PBXBuildFile; fileRef = F559B1DA2D04A8C200620356 /* ScheduleView.swift */; };
		F559B1DD2D04A8CF00620356 /* VisitView.swift in Sources */ = {isa = PBXBuildFile; fileRef = F559B1DC2D04A8CF00620356 /* VisitView.swift */; };
		F559B1DF2D04A8DC00620356 /* TaskListView.swift in Sources */ = {isa = PBXBuildFile; fileRef = F559B1DE2D04A8DC00620356 /* TaskListView.swift */; };
		F559B1E12D04A8EB00620356 /* VoiceNoteView.swift in Sources */ = {isa = PBXBuildFile; fileRef = F559B1E02D04A8EB00620356 /* VoiceNoteView.swift */; };
		F57A60022D06586500E71094 /* ContentView.swift in Sources */ = {isa = PBXBuildFile; fileRef = F57A60012D06586500E71094 /* ContentView.swift */; };
/* End PBXBuildFile section */

/* Begin PBXContainerItemProxy section */
		F559B1BA2D04A58A00620356 /* PBXContainerItemProxy */ = {
			isa = PBXContainerItemProxy;
			containerPortal = F559B1AC2D04A58A00620356 /* Project object */;
			proxyType = 1;
			remoteGlobalIDString = F559B1B72D04A58A00620356;
			remoteInfo = "CareWatch Watch App";
		};
/* End PBXContainerItemProxy section */

/* Begin PBXCopyFilesBuildPhase section */
		F559B1CB2D04A58B00620356 /* Embed Watch Content */ = {
			isa = PBXCopyFilesBuildPhase;
			buildActionMask = 2147483647;
			dstPath = "$(CONTENTS_FOLDER_PATH)/Watch";
			dstSubfolderSpec = 16;
			files = (
				F559B1B92D04A58A00620356 /* CareWatch Watch App.app in Embed Watch Content */,
			);
			name = "Embed Watch Content";
			runOnlyForDeploymentPostprocessing = 0;
		};
/* End PBXCopyFilesBuildPhase section */

/* Begin PBXFileReference section */
		F559B1B22D04A58A00620356 /* CareWatch.app */ = {isa = PBXFileReference; explicitFileType = wrapper.application; includeInIndex = 0; path = CareWatch.app; sourceTree = BUILT_PRODUCTS_DIR; };
		F559B1B82D04A58A00620356 /* CareWatch Watch App.app */ = {isa = PBXFileReference; explicitFileType = wrapper.application; includeInIndex = 0; path = "CareWatch Watch App.app"; sourceTree = BUILT_PRODUCTS_DIR; };
		F559B1BD2D04A58A00620356 /* CareWatchApp.swift */ = {isa = PBXFileReference; lastKnownFileType = sourcecode.swift; path = CareWatchApp.swift; sourceTree = "<group>"; };
		F559B1C12D04A58B00620356 /* Assets.xcassets */ = {isa = PBXFileReference; lastKnownFileType = folder.assetcatalog; path = Assets.xcassets; sourceTree = "<group>"; };
		F559B1C42D04A58B00620356 /* Preview Assets.xcassets */ = {isa = PBXFileReference; lastKnownFileType = folder.assetcatalog; path = "Preview Assets.xcassets"; sourceTree = "<group>"; };
		F559B1D22D04A86000620356 /* Visit.swift */ = {isa = PBXFileReference; lastKnownFileType = sourcecode.swift; path = Visit.swift; sourceTree = "<group>"; };
		F559B1D42D04A87B00620356 /* Task.swift */ = {isa = PBXFileReference; lastKnownFileType = sourcecode.swift; path = Task.swift; sourceTree = "<group>"; };
		F559B1D62D04A88700620356 /* Schedule.swift */ = {isa = PBXFileReference; lastKnownFileType = sourcecode.swift; path = Schedule.swift; sourceTree = "<group>"; };
		F559B1D82D04A8A200620356 /* VisitViewModel.swift */ = {isa = PBXFileReference; lastKnownFileType = sourcecode.swift; path = VisitViewModel.swift; sourceTree = "<group>"; };
		F559B1DA2D04A8C200620356 /* ScheduleView.swift */ = {isa = PBXFileReference; lastKnownFileType = sourcecode.swift; path = ScheduleView.swift; sourceTree = "<group>"; };
		F559B1DC2D04A8CF00620356 /* VisitView.swift */ = {isa = PBXFileReference; lastKnownFileType = sourcecode.swift; path = VisitView.swift; sourceTree = "<group>"; };
		F559B1DE2D04A8DC00620356 /* TaskListView.swift */ = {isa = PBXFileReference; lastKnownFileType = sourcecode.swift; path = TaskListView.swift; sourceTree = "<group>"; };
		F559B1E02D04A8EB00620356 /* VoiceNoteView.swift */ = {isa = PBXFileReference; lastKnownFileType = sourcecode.swift; path = VoiceNoteView.swift; sourceTree = "<group>"; };
		F57A60012D06586500E71094 /* ContentView.swift */ = {isa = PBXFileReference; lastKnownFileType = sourcecode.swift; path = ContentView.swift; sourceTree = "<group>"; };
/* End PBXFileReference section */

/* Begin PBXFrameworksBuildPhase section */
		F559B1B52D04A58A00620356 /* Frameworks */ = {
			isa = PBXFrameworksBuildPhase;
			buildActionMask = 2147483647;
			files = (
			);
			runOnlyForDeploymentPostprocessing = 0;
		};
/* End PBXFrameworksBuildPhase section */

/* Begin PBXGroup section */
		F559B1AB2D04A58A00620356 = {
			isa = PBXGroup;
			children = (
				F559B1BC2D04A58A00620356 /* CareWatch Watch App */,
				F559B1B32D04A58A00620356 /* Products */,
			);
			sourceTree = "<group>";
		};
		F559B1B32D04A58A00620356 /* Products */ = {
			isa = PBXGroup;
			children = (
				F559B1B22D04A58A00620356 /* CareWatch.app */,
				F559B1B82D04A58A00620356 /* CareWatch Watch App.app */,
			);
			name = Products;
			sourceTree = "<group>";
		};
		F559B1BC2D04A58A00620356 /* CareWatch Watch App */ = {
			isa = PBXGroup;
			children = (
				F559B1BD2D04A58A00620356 /* CareWatchApp.swift */,
				F559B1D12D04A6B900620356 /* ViewModels */,
				F559B1D02D04A6B500620356 /* Views */,
				F559B1CF2D04A6A600620356 /* Models */,
				F559B1C12D04A58B00620356 /* Assets.xcassets */,
				F559B1C32D04A58B00620356 /* Preview Content */,
			);
			path = "CareWatch Watch App";
			sourceTree = "<group>";
		};
		F559B1C32D04A58B00620356 /* Preview Content */ = {
			isa = PBXGroup;
			children = (
				F559B1C42D04A58B00620356 /* Preview Assets.xcassets */,
			);
			path = "Preview Content";
			sourceTree = "<group>";
		};
		F559B1CF2D04A6A600620356 /* Models */ = {
			isa = PBXGroup;
			children = (
				F559B1D22D04A86000620356 /* Visit.swift */,
				F559B1D42D04A87B00620356 /* Task.swift */,
				F559B1D62D04A88700620356 /* Schedule.swift */,
			);
			path = Models;
			sourceTree = "<group>";
		};
		F559B1D02D04A6B500620356 /* Views */ = {
			isa = PBXGroup;
			children = (
				F559B1DA2D04A8C200620356 /* ScheduleView.swift */,
				F559B1DC2D04A8CF00620356 /* VisitView.swift */,
				F559B1DE2D04A8DC00620356 /* TaskListView.swift */,
				F559B1E02D04A8EB00620356 /* VoiceNoteView.swift */,
				F57A60012D06586500E71094 /* ContentView.swift */,
			);
			path = Views;
			sourceTree = "<group>";
		};
		F559B1D12D04A6B900620356 /* ViewModels */ = {
			isa = PBXGroup;
			children = (
				F559B1D82D04A8A200620356 /* VisitViewModel.swift */,
			);
			path = ViewModels;
			sourceTree = "<group>";
		};
/* End PBXGroup section */

/* Begin PBXNativeTarget section */
		F559B1B12D04A58A00620356 /* CareWatch */ = {
			isa = PBXNativeTarget;
			buildConfigurationList = F559B1CC2D04A58B00620356 /* Build configuration list for PBXNativeTarget "CareWatch" */;
			buildPhases = (
				F559B1B02D04A58A00620356 /* Resources */,
				F559B1CB2D04A58B00620356 /* Embed Watch Content */,
			);
			buildRules = (
			);
			dependencies = (
				F559B1BB2D04A58A00620356 /* PBXTargetDependency */,
			);
			name = CareWatch;
			productName = CareWatch;
			productReference = F559B1B22D04A58A00620356 /* CareWatch.app */;
			productType = "com.apple.product-type.application.watchapp2-container";
		};
		F559B1B72D04A58A00620356 /* CareWatch Watch App */ = {
			isa = PBXNativeTarget;
			buildConfigurationList = F559B1C82D04A58B00620356 /* Build configuration list for PBXNativeTarget "CareWatch Watch App" */;
			buildPhases = (
				F559B1B42D04A58A00620356 /* Sources */,
				F559B1B52D04A58A00620356 /* Frameworks */,
				F559B1B62D04A58A00620356 /* Resources */,
			);
			buildRules = (
			);
			dependencies = (
			);
			name = "CareWatch Watch App";
			productName = "CareWatch Watch App";
			productReference = F559B1B82D04A58A00620356 /* CareWatch Watch App.app */;
			productType = "com.apple.product-type.application";
		};
/* End PBXNativeTarget section */

/* Begin PBXProject section */
		F559B1AC2D04A58A00620356 /* Project object */ = {
			isa = PBXProject;
			attributes = {
				BuildIndependentTargetsInParallel = 1;
				LastSwiftUpdateCheck = 1540;
				LastUpgradeCheck = 1540;
				TargetAttributes = {
					F559B1B12D04A58A00620356 = {
						CreatedOnToolsVersion = 15.4;
					};
					F559B1B72D04A58A00620356 = {
						CreatedOnToolsVersion = 15.4;
					};
				};
			};
			buildConfigurationList = F559B1AF2D04A58A00620356 /* Build configuration list for PBXProject "CareWatch" */;
			compatibilityVersion = "Xcode 14.0";
			developmentRegion = en;
			hasScannedForEncodings = 0;
			knownRegions = (
				en,
				Base,
			);
			mainGroup = F559B1AB2D04A58A00620356;
			productRefGroup = F559B1B32D04A58A00620356 /* Products */;
			projectDirPath = "";
			projectRoot = "";
			targets = (
				F559B1B12D04A58A00620356 /* CareWatch */,
				F559B1B72D04A58A00620356 /* CareWatch Watch App */,
			);
		};
/* End PBXProject section */

/* Begin PBXResourcesBuildPhase section */
		F559B1B02D04A58A00620356 /* Resources */ = {
			isa = PBXResourcesBuildPhase;
			buildActionMask = 2147483647;
			files = (
			);
			runOnlyForDeploymentPostprocessing = 0;
		};
		F559B1B62D04A58A00620356 /* Resources */ = {
			isa = PBXResourcesBuildPhase;
			buildActionMask = 2147483647;
			files = (
				F559B1C52D04A58B00620356 /* Preview Assets.xcassets in Resources */,
				F559B1C22D04A58B00620356 /* Assets.xcassets in Resources */,
			);
			runOnlyForDeploymentPostprocessing = 0;
		};
/* End PBXResourcesBuildPhase section */

/* Begin PBXSourcesBuildPhase section */
		F559B1B42D04A58A00620356 /* Sources */ = {
			isa = PBXSourcesBuildPhase;
			buildActionMask = 2147483647;
			files = (
				F559B1D52D04A87B00620356 /* Task.swift in Sources */,
				F559B1DF2D04A8DC00620356 /* TaskListView.swift in Sources */,
				F559B1BE2D04A58A00620356 /* CareWatchApp.swift in Sources */,
				F559B1DB2D04A8C200620356 /* ScheduleView.swift in Sources */,
				F559B1E12D04A8EB00620356 /* VoiceNoteView.swift in Sources */,
				F559B1DD2D04A8CF00620356 /* VisitView.swift in Sources */,
				F57A60022D06586500E71094 /* ContentView.swift in Sources */,
				F559B1D72D04A88700620356 /* Schedule.swift in Sources */,
				F559B1D92D04A8A200620356 /* VisitViewModel.swift in Sources */,
				F559B1D32D04A86000620356 /* Visit.swift in Sources */,
			);
			runOnlyForDeploymentPostprocessing = 0;
		};
/* End PBXSourcesBuildPhase section */

/* Begin PBXTargetDependency section */
		F559B1BB2D04A58A00620356 /* PBXTargetDependency */ = {
			isa = PBXTargetDependency;
			target = F559B1B72D04A58A00620356 /* CareWatch Watch App */;
			targetProxy = F559B1BA2D04A58A00620356 /* PBXContainerItemProxy */;
		};
/* End PBXTargetDependency section */

/* Begin XCBuildConfiguration section */
		F559B1C62D04A58B00620356 /* Debug */ = {
			isa = XCBuildConfiguration;
			buildSettings = {
				ALWAYS_SEARCH_USER_PATHS = NO;
				ASSETCATALOG_COMPILER_GENERATE_SWIFT_ASSET_SYMBOL_EXTENSIONS = YES;
				CLANG_ANALYZER_NONNULL = YES;
				CLANG_ANALYZER_NUMBER_OBJECT_CONVERSION = YES_AGGRESSIVE;
				CLANG_CXX_LANGUAGE_STANDARD = "gnu++20";
				CLANG_ENABLE_MODULES = YES;
				CLANG_ENABLE_OBJC_ARC = YES;
				CLANG_ENABLE_OBJC_WEAK = YES;
				CLANG_WARN_BLOCK_CAPTURE_AUTORELEASING = YES;
				CLANG_WARN_BOOL_CONVERSION = YES;
				CLANG_WARN_COMMA = YES;
				CLANG_WARN_CONSTANT_CONVERSION = YES;
				CLANG_WARN_DEPRECATED_OBJC_IMPLEMENTATIONS = YES;
				CLANG_WARN_DIRECT_OBJC_ISA_USAGE = YES_ERROR;
				CLANG_WARN_DOCUMENTATION_COMMENTS = YES;
				CLANG_WARN_EMPTY_BODY = YES;
				CLANG_WARN_ENUM_CONVERSION = YES;
				CLANG_WARN_INFINITE_RECURSION = YES;
				CLANG_WARN_INT_CONVERSION = YES;
				CLANG_WARN_NON_LITERAL_NULL_CONVERSION = YES;
				CLANG_WARN_OBJC_IMPLICIT_RETAIN_SELF = YES;
				CLANG_WARN_OBJC_LITERAL_CONVERSION = YES;
				CLANG_WARN_OBJC_ROOT_CLASS = YES_ERROR;
				CLANG_WARN_QUOTED_INCLUDE_IN_FRAMEWORK_HEADER = YES;
				CLANG_WARN_RANGE_LOOP_ANALYSIS = YES;
				CLANG_WARN_STRICT_PROTOTYPES = YES;
				CLANG_WARN_SUSPICIOUS_MOVE = YES;
				CLANG_WARN_UNGUARDED_AVAILABILITY = YES_AGGRESSIVE;
				CLANG_WARN_UNREACHABLE_CODE = YES;
				CLANG_WARN__DUPLICATE_METHOD_MATCH = YES;
				COPY_PHASE_STRIP = NO;
				DEBUG_INFORMATION_FORMAT = dwarf;
				ENABLE_STRICT_OBJC_MSGSEND = YES;
				ENABLE_TESTABILITY = YES;
				ENABLE_USER_SCRIPT_SANDBOXING = YES;
				GCC_C_LANGUAGE_STANDARD = gnu17;
				GCC_DYNAMIC_NO_PIC = NO;
				GCC_NO_COMMON_BLOCKS = YES;
				GCC_OPTIMIZATION_LEVEL = 0;
				GCC_PREPROCESSOR_DEFINITIONS = (
					"DEBUG=1",
					"$(inherited)",
				);
				GCC_WARN_64_TO_32_BIT_CONVERSION = YES;
				GCC_WARN_ABOUT_RETURN_TYPE = YES_ERROR;
				GCC_WARN_UNDECLARED_SELECTOR = YES;
				GCC_WARN_UNINITIALIZED_AUTOS = YES_AGGRESSIVE;
				GCC_WARN_UNUSED_FUNCTION = YES;
				GCC_WARN_UNUSED_VARIABLE = YES;
				LOCALIZATION_PREFERS_STRING_CATALOGS = YES;
				MTL_ENABLE_DEBUG_INFO = INCLUDE_SOURCE;
				MTL_FAST_MATH = YES;
				ONLY_ACTIVE_ARCH = YES;
				SWIFT_ACTIVE_COMPILATION_CONDITIONS = "DEBUG $(inherited)";
				SWIFT_OPTIMIZATION_LEVEL = "-Onone";
			};
			name = Debug;
		};
		F559B1C72D04A58B00620356 /* Release */ = {
			isa = XCBuildConfiguration;
			buildSettings = {
				ALWAYS_SEARCH_USER_PATHS = NO;
				ASSETCATALOG_COMPILER_GENERATE_SWIFT_ASSET_SYMBOL_EXTENSIONS = YES;
				CLANG_ANALYZER_NONNULL = YES;
				CLANG_ANALYZER_NUMBER_OBJECT_CONVERSION = YES_AGGRESSIVE;
				CLANG_CXX_LANGUAGE_STANDARD = "gnu++20";
				CLANG_ENABLE_MODULES = YES;
				CLANG_ENABLE_OBJC_ARC = YES;
				CLANG_ENABLE_OBJC_WEAK = YES;
				CLANG_WARN_BLOCK_CAPTURE_AUTORELEASING = YES;
				CLANG_WARN_BOOL_CONVERSION = YES;
				CLANG_WARN_COMMA = YES;
				CLANG_WARN_CONSTANT_CONVERSION = YES;
				CLANG_WARN_DEPRECATED_OBJC_IMPLEMENTATIONS = YES;
				CLANG_WARN_DIRECT_OBJC_ISA_USAGE = YES_ERROR;
				CLANG_WARN_DOCUMENTATION_COMMENTS = YES;
				CLANG_WARN_EMPTY_BODY = YES;
				CLANG_WARN_ENUM_CONVERSION = YES;
				CLANG_WARN_INFINITE_RECURSION = YES;
				CLANG_WARN_INT_CONVERSION = YES;
				CLANG_WARN_NON_LITERAL_NULL_CONVERSION = YES;
				CLANG_WARN_OBJC_IMPLICIT_RETAIN_SELF = YES;
				CLANG_WARN_OBJC_LITERAL_CONVERSION = YES;
				CLANG_WARN_OBJC_ROOT_CLASS = YES_ERROR;
				CLANG_WARN_QUOTED_INCLUDE_IN_FRAMEWORK_HEADER = YES;
				CLANG_WARN_RANGE_LOOP_ANALYSIS = YES;
				CLANG_WARN_STRICT_PROTOTYPES = YES;
				CLANG_WARN_SUSPICIOUS_MOVE = YES;
				CLANG_WARN_UNGUARDED_AVAILABILITY = YES_AGGRESSIVE;
				CLANG_WARN_UNREACHABLE_CODE = YES;
				CLANG_WARN__DUPLICATE_METHOD_MATCH = YES;
				COPY_PHASE_STRIP = NO;
				DEBUG_INFORMATION_FORMAT = "dwarf-with-dsym";
				ENABLE_NS_ASSERTIONS = NO;
				ENABLE_STRICT_OBJC_MSGSEND = YES;
				ENABLE_USER_SCRIPT_SANDBOXING = YES;
				GCC_C_LANGUAGE_STANDARD = gnu17;
				GCC_NO_COMMON_BLOCKS = YES;
				GCC_WARN_64_TO_32_BIT_CONVERSION = YES;
				GCC_WARN_ABOUT_RETURN_TYPE = YES_ERROR;
				GCC_WARN_UNDECLARED_SELECTOR = YES;
				GCC_WARN_UNINITIALIZED_AUTOS = YES_AGGRESSIVE;
				GCC_WARN_UNUSED_FUNCTION = YES;
				GCC_WARN_UNUSED_VARIABLE = YES;
				LOCALIZATION_PREFERS_STRING_CATALOGS = YES;
				MTL_ENABLE_DEBUG_INFO = NO;
				MTL_FAST_MATH = YES;
				SWIFT_COMPILATION_MODE = wholemodule;
			};
			name = Release;
		};
		F559B1C92D04A58B00620356 /* Debug */ = {
			isa = XCBuildConfiguration;
			buildSettings = {
				ASSETCATALOG_COMPILER_APPICON_NAME = AppIcon;
				ASSETCATALOG_COMPILER_GLOBAL_ACCENT_COLOR_NAME = AccentColor;
				CODE_SIGN_STYLE = Automatic;
				CURRENT_PROJECT_VERSION = 1;
				DEVELOPMENT_ASSET_PATHS = "\"CareWatch Watch App/Preview Content\"";
				ENABLE_PREVIEWS = YES;
				GENERATE_INFOPLIST_FILE = YES;
				INFOPLIST_KEY_CFBundleDisplayName = CareWatch;
				INFOPLIST_KEY_UISupportedInterfaceOrientations = "UIInterfaceOrientationPortrait UIInterfaceOrientationPortraitUpsideDown";
				INFOPLIST_KEY_WKWatchOnly = YES;
				LD_RUNPATH_SEARCH_PATHS = (
					"$(inherited)",
					"@executable_path/Frameworks",
				);
				MARKETING_VERSION = 1.0;
				PRODUCT_BUNDLE_IDENTIFIER = sarahkhalid.CareWatch.watchkitapp;
				PRODUCT_NAME = "$(TARGET_NAME)";
				SDKROOT = watchos;
				SKIP_INSTALL = YES;
				SWIFT_EMIT_LOC_STRINGS = YES;
				SWIFT_VERSION = 5.0;
				TARGETED_DEVICE_FAMILY = 4;
				WATCHOS_DEPLOYMENT_TARGET = 10.5;
			};
			name = Debug;
		};
		F559B1CA2D04A58B00620356 /* Release */ = {
			isa = XCBuildConfiguration;
			buildSettings = {
				ASSETCATALOG_COMPILER_APPICON_NAME = AppIcon;
				ASSETCATALOG_COMPILER_GLOBAL_ACCENT_COLOR_NAME = AccentColor;
				CODE_SIGN_STYLE = Automatic;
				CURRENT_PROJECT_VERSION = 1;
				DEVELOPMENT_ASSET_PATHS = "\"CareWatch Watch App/Preview Content\"";
				ENABLE_PREVIEWS = YES;
				GENERATE_INFOPLIST_FILE = YES;
				INFOPLIST_KEY_CFBundleDisplayName = CareWatch;
				INFOPLIST_KEY_UISupportedInterfaceOrientations = "UIInterfaceOrientationPortrait UIInterfaceOrientationPortraitUpsideDown";
				INFOPLIST_KEY_WKWatchOnly = YES;
				LD_RUNPATH_SEARCH_PATHS = (
					"$(inherited)",
					"@executable_path/Frameworks",
				);
				MARKETING_VERSION = 1.0;
				PRODUCT_BUNDLE_IDENTIFIER = sarahkhalid.CareWatch.watchkitapp;
				PRODUCT_NAME = "$(TARGET_NAME)";
				SDKROOT = watchos;
				SKIP_INSTALL = YES;
				SWIFT_EMIT_LOC_STRINGS = YES;
				SWIFT_VERSION = 5.0;
				TARGETED_DEVICE_FAMILY = 4;
				VALIDATE_PRODUCT = YES;
				WATCHOS_DEPLOYMENT_TARGET = 10.5;
			};
			name = Release;
		};
		F559B1CD2D04A58B00620356 /* Debug */ = {
			isa = XCBuildConfiguration;
			buildSettings = {
				ALWAYS_EMBED_SWIFT_STANDARD_LIBRARIES = YES;
				CODE_SIGN_STYLE = Automatic;
				CURRENT_PROJECT_VERSION = 1;
				INFOPLIST_KEY_CFBundleDisplayName = CareWatch;
				MARKETING_VERSION = 1.0;
				PRODUCT_BUNDLE_IDENTIFIER = sarahkhalid.CareWatch;
				PRODUCT_NAME = "$(TARGET_NAME)";
				SDKROOT = iphoneos;
				SWIFT_VERSION = 5.0;
			};
			name = Debug;
		};
		F559B1CE2D04A58B00620356 /* Release */ = {
			isa = XCBuildConfiguration;
			buildSettings = {
				ALWAYS_EMBED_SWIFT_STANDARD_LIBRARIES = YES;
				CODE_SIGN_STYLE = Automatic;
				CURRENT_PROJECT_VERSION = 1;
				INFOPLIST_KEY_CFBundleDisplayName = CareWatch;
				MARKETING_VERSION = 1.0;
				PRODUCT_BUNDLE_IDENTIFIER = sarahkhalid.CareWatch;
				PRODUCT_NAME = "$(TARGET_NAME)";
				SDKROOT = iphoneos;
				SWIFT_VERSION = 5.0;
				VALIDATE_PRODUCT = YES;
			};
			name = Release;
		};
/* End XCBuildConfiguration section */

/* Begin XCConfigurationList section */
		F559B1AF2D04A58A00620356 /* Build configuration list for PBXProject "CareWatch" */ = {
			isa = XCConfigurationList;
			buildConfigurations = (
				F559B1C62D04A58B00620356 /* Debug */,
				F559B1C72D04A58B00620356 /* Release */,
			);
			defaultConfigurationIsVisible = 0;
			defaultConfigurationName = Release;
		};
		F559B1C82D04A58B00620356 /* Build configuration list for PBXNativeTarget "CareWatch Watch App" */ = {
			isa = XCConfigurationList;
			buildConfigurations = (
				F559B1C92D04A58B00620356 /* Debug */,
				F559B1CA2D04A58B00620356 /* Release */,
			);
			defaultConfigurationIsVisible = 0;
			defaultConfigurationName = Release;
		};
		F559B1CC2D04A58B00620356 /* Build configuration list for PBXNativeTarget "CareWatch" */ = {
			isa = XCConfigurationList;
			buildConfigurations = (
				F559B1CD2D04A58B00620356 /* Debug */,
				F559B1CE2D04A58B00620356 /* Release */,
			);
			defaultConfigurationIsVisible = 0;
			defaultConfigurationName = Release;
		};
/* End XCConfigurationList section */
	};
	rootObject = F559B1AC2D04A58A00620356 /* Project object */;
}
